
Microsoft Visual Studio Solution File, Format Version 12.00
# Visual Studio Version 16
VisualStudioVersion = 16.0.31624.102
MinimumVisualStudioVersion = 10.0.40219.1
Project("{9A19103F-16F7-4668-BE54-9A1E7A4F7556}") = "DormDash", "DormDash.csproj", "{1D68F050-AC43-4787-9703-108156E44BBA}"
EndProject
Project("{9A19103F-16F7-4668-BE54-9A1E7A4F7556}") = "DormDashTests", "..\DormDashTests\DormDashTests.csproj", "{BF515F3C-0B0E-4541-94DA-5D5EA3485012}"
EndProject
Global
	GlobalSection(SolutionConfigurationPlatforms) = preSolution
		Debug|Any CPU = Debug|Any CPU
		Release|Any CPU = Release|Any CPU
	EndGlobalSection
	GlobalSection(ProjectConfigurationPlatforms) = postSolution
		{1D68F050-AC43-4787-9703-108156E44BBA}.Debug|Any CPU.ActiveCfg = Debug|Any CPU
		{1D68F050-AC43-4787-9703-108156E44BBA}.Debug|Any CPU.Build.0 = Debug|Any CPU
		{1D68F050-AC43-4787-9703-108156E44BBA}.Release|Any CPU.ActiveCfg = Release|Any CPU
		{1D68F050-AC43-4787-9703-108156E44BBA}.Release|Any CPU.Build.0 = Release|Any CPU
		{BF515F3C-0B0E-4541-94DA-5D5EA3485012}.Debug|Any CPU.ActiveCfg = Debug|Any CPU
		{BF515F3C-0B0E-4541-94DA-5D5EA3485012}.Debug|Any CPU.Build.0 = Debug|Any CPU
		{BF515F3C-0B0E-4541-94DA-5D5EA3485012}.Release|Any CPU.ActiveCfg = Release|Any CPU
		{BF515F3C-0B0E-4541-94DA-5D5EA3485012}.Release|Any CPU.Build.0 = Release|Any CPU
	EndGlobalSection
	GlobalSection(SolutionProperties) = preSolution
		HideSolutionNode = FALSE
	EndGlobalSection
	GlobalSection(ExtensibilityGlobals) = postSolution
		SolutionGuid = {752D1C1F-42A6-46B0-9631-EFA98370C55A}
	EndGlobalSection
EndGlobal
